
Microsoft Visual Studio Solution File, Format Version 12.00
# Visual Studio Version 17
VisualStudioVersion = 17.7.34031.279
MinimumVisualStudioVersion = 10.0.40219.1
Project("{FAE04EC0-301F-11D3-BF4B-00C04F79EFBC}") = "PreCalculator", "PreCalculator\PreCalculator.csproj", "{C24DA679-5ACF-4404-BB4A-D8D070C2426F}"
EndProject
Global
	GlobalSection(SolutionConfigurationPlatforms) = preSolution
		Debug|Any CPU = Debug|Any CPU
		Release|Any CPU = Release|Any CPU
	EndGlobalSection
	GlobalSection(ProjectConfigurationPlatforms) = postSolution
		{C24DA679-5ACF-4404-BB4A-D8D070C2426F}.Debug|Any CPU.ActiveCfg = Debug|Any CPU
		{C24DA679-5ACF-4404-BB4A-D8D070C2426F}.Debug|Any CPU.Build.0 = Debug|Any CPU
		{C24DA679-5ACF-4404-BB4A-D8D070C2426F}.Release|Any CPU.ActiveCfg = Release|Any CPU
		{C24DA679-5ACF-4404-BB4A-D8D070C2426F}.Release|Any CPU.Build.0 = Release|Any CPU
	EndGlobalSection
	GlobalSection(SolutionProperties) = preSolution
		HideSolutionNode = FALSE
	EndGlobalSection
	GlobalSection(ExtensibilityGlobals) = postSolution
		SolutionGuid = {65229171-F2E4-4277-A4BB-98D411C8D038}
	EndGlobalSection
EndGlobal
